# This file is autogenerated, do not edit; changes may be undone by the next 'dep ensure'.


[[projects]]
  branch = "master"
  digest = "1:47d8d883fecf5e004d245a0001b10e45102218ef815fde75e0645c658088a773"
  name = "github.com/michael-go/go-jsn"
  packages = ["jsn"]
  pruneopts = "UT"
  revision = "f106662b224a9e62d7ac543f4b8658634b479fcd"

[solve-meta]
  analyzer-name = "dep"
  analyzer-version = 1
  input-imports = ["github.com/michael-go/go-jsn/jsn"]
  solver-name = "gps-cdcl"
  solver-version = 1
